
Microsoft Visual Studio Solution File, Format Version 12.00
# Visual Studio Version 16
VisualStudioVersion = 16.0.30114.105
MinimumVisualStudioVersion = 10.0.40219.1
Project("{FAE04EC0-301F-11D3-BF4B-00C04F79EFBC}") = "ZenoDcimManager.Api", "ZenoDcimManager.Api\ZenoDcimManager.Api.csproj", "{A762BF22-60A6-4871-B6BE-BD20732ED83D}"
EndProject
Project("{FAE04EC0-301F-11D3-BF4B-00C04F79EFBC}") = "ZenoDcimManager.Domain", "ZenoDcimManager.Domain\ZenoDcimManager.Domain.csproj", "{B640A3DE-7850-4F99-8213-65BFFDD15BF8}"
EndProject
Project("{FAE04EC0-301F-11D3-BF4B-00C04F79EFBC}") = "ZenoDcimManager.Infra", "ZenoDcimManager.Infra\ZenoDcimManager.Infra.csproj", "{89BB8315-C14A-4E39-A84C-FBE311861C4C}"
EndProject
Project("{FAE04EC0-301F-11D3-BF4B-00C04F79EFBC}") = "ZenoDcimManager.Shared", "ZenoDcimManager.Shared\ZenoDcimManager.Shared.csproj", "{8FFDC363-BD9B-4BB4-8B15-B4FFDB7F610D}"
EndProject
Project("{FAE04EC0-301F-11D3-BF4B-00C04F79EFBC}") = "ZenoDcimManager.Tests", "ZenoDcimManager.Tests\ZenoDcimManager.Tests.csproj", "{C463C893-B733-47EC-8BBD-754A4A4A2324}"
EndProject
Global
	GlobalSection(SolutionConfigurationPlatforms) = preSolution
		Debug|Any CPU = Debug|Any CPU
		Debug|x64 = Debug|x64
		Debug|x86 = Debug|x86
		Release|Any CPU = Release|Any CPU
		Release|x64 = Release|x64
		Release|x86 = Release|x86
	EndGlobalSection
	GlobalSection(SolutionProperties) = preSolution
		HideSolutionNode = FALSE
	EndGlobalSection
	GlobalSection(ProjectConfigurationPlatforms) = postSolution
		{A762BF22-60A6-4871-B6BE-BD20732ED83D}.Debug|Any CPU.ActiveCfg = Debug|Any CPU
		{A762BF22-60A6-4871-B6BE-BD20732ED83D}.Debug|Any CPU.Build.0 = Debug|Any CPU
		{A762BF22-60A6-4871-B6BE-BD20732ED83D}.Debug|x64.ActiveCfg = Debug|Any CPU
		{A762BF22-60A6-4871-B6BE-BD20732ED83D}.Debug|x64.Build.0 = Debug|Any CPU
		{A762BF22-60A6-4871-B6BE-BD20732ED83D}.Debug|x86.ActiveCfg = Debug|Any CPU
		{A762BF22-60A6-4871-B6BE-BD20732ED83D}.Debug|x86.Build.0 = Debug|Any CPU
		{A762BF22-60A6-4871-B6BE-BD20732ED83D}.Release|Any CPU.ActiveCfg = Release|Any CPU
		{A762BF22-60A6-4871-B6BE-BD20732ED83D}.Release|Any CPU.Build.0 = Release|Any CPU
		{A762BF22-60A6-4871-B6BE-BD20732ED83D}.Release|x64.ActiveCfg = Release|Any CPU
		{A762BF22-60A6-4871-B6BE-BD20732ED83D}.Release|x64.Build.0 = Release|Any CPU
		{A762BF22-60A6-4871-B6BE-BD20732ED83D}.Release|x86.ActiveCfg = Release|Any CPU
		{A762BF22-60A6-4871-B6BE-BD20732ED83D}.Release|x86.Build.0 = Release|Any CPU
		{B640A3DE-7850-4F99-8213-65BFFDD15BF8}.Debug|Any CPU.ActiveCfg = Debug|Any CPU
		{B640A3DE-7850-4F99-8213-65BFFDD15BF8}.Debug|Any CPU.Build.0 = Debug|Any CPU
		{B640A3DE-7850-4F99-8213-65BFFDD15BF8}.Debug|x64.ActiveCfg = Debug|Any CPU
		{B640A3DE-7850-4F99-8213-65BFFDD15BF8}.Debug|x64.Build.0 = Debug|Any CPU
		{B640A3DE-7850-4F99-8213-65BFFDD15BF8}.Debug|x86.ActiveCfg = Debug|Any CPU
		{B640A3DE-7850-4F99-8213-65BFFDD15BF8}.Debug|x86.Build.0 = Debug|Any CPU
		{B640A3DE-7850-4F99-8213-65BFFDD15BF8}.Release|Any CPU.ActiveCfg = Release|Any CPU
		{B640A3DE-7850-4F99-8213-65BFFDD15BF8}.Release|Any CPU.Build.0 = Release|Any CPU
		{B640A3DE-7850-4F99-8213-65BFFDD15BF8}.Release|x64.ActiveCfg = Release|Any CPU
		{B640A3DE-7850-4F99-8213-65BFFDD15BF8}.Release|x64.Build.0 = Release|Any CPU
		{B640A3DE-7850-4F99-8213-65BFFDD15BF8}.Release|x86.ActiveCfg = Release|Any CPU
		{B640A3DE-7850-4F99-8213-65BFFDD15BF8}.Release|x86.Build.0 = Release|Any CPU
		{89BB8315-C14A-4E39-A84C-FBE311861C4C}.Debug|Any CPU.ActiveCfg = Debug|Any CPU
		{89BB8315-C14A-4E39-A84C-FBE311861C4C}.Debug|Any CPU.Build.0 = Debug|Any CPU
		{89BB8315-C14A-4E39-A84C-FBE311861C4C}.Debug|x64.ActiveCfg = Debug|Any CPU
		{89BB8315-C14A-4E39-A84C-FBE311861C4C}.Debug|x64.Build.0 = Debug|Any CPU
		{89BB8315-C14A-4E39-A84C-FBE311861C4C}.Debug|x86.ActiveCfg = Debug|Any CPU
		{89BB8315-C14A-4E39-A84C-FBE311861C4C}.Debug|x86.Build.0 = Debug|Any CPU
		{89BB8315-C14A-4E39-A84C-FBE311861C4C}.Release|Any CPU.ActiveCfg = Release|Any CPU
		{89BB8315-C14A-4E39-A84C-FBE311861C4C}.Release|Any CPU.Build.0 = Release|Any CPU
		{89BB8315-C14A-4E39-A84C-FBE311861C4C}.Release|x64.ActiveCfg = Release|Any CPU
		{89BB8315-C14A-4E39-A84C-FBE311861C4C}.Release|x64.Build.0 = Release|Any CPU
		{89BB8315-C14A-4E39-A84C-FBE311861C4C}.Release|x86.ActiveCfg = Release|Any CPU
		{89BB8315-C14A-4E39-A84C-FBE311861C4C}.Release|x86.Build.0 = Release|Any CPU
		{8FFDC363-BD9B-4BB4-8B15-B4FFDB7F610D}.Debug|Any CPU.ActiveCfg = Debug|Any CPU
		{8FFDC363-BD9B-4BB4-8B15-B4FFDB7F610D}.Debug|Any CPU.Build.0 = Debug|Any CPU
		{8FFDC363-BD9B-4BB4-8B15-B4FFDB7F610D}.Debug|x64.ActiveCfg = Debug|Any CPU
		{8FFDC363-BD9B-4BB4-8B15-B4FFDB7F610D}.Debug|x64.Build.0 = Debug|Any CPU
		{8FFDC363-BD9B-4BB4-8B15-B4FFDB7F610D}.Debug|x86.ActiveCfg = Debug|Any CPU
		{8FFDC363-BD9B-4BB4-8B15-B4FFDB7F610D}.Debug|x86.Build.0 = Debug|Any CPU
		{8FFDC363-BD9B-4BB4-8B15-B4FFDB7F610D}.Release|Any CPU.ActiveCfg = Release|Any CPU
		{8FFDC363-BD9B-4BB4-8B15-B4FFDB7F610D}.Release|Any CPU.Build.0 = Release|Any CPU
		{8FFDC363-BD9B-4BB4-8B15-B4FFDB7F610D}.Release|x64.ActiveCfg = Release|Any CPU
		{8FFDC363-BD9B-4BB4-8B15-B4FFDB7F610D}.Release|x64.Build.0 = Release|Any CPU
		{8FFDC363-BD9B-4BB4-8B15-B4FFDB7F610D}.Release|x86.ActiveCfg = Release|Any CPU
		{8FFDC363-BD9B-4BB4-8B15-B4FFDB7F610D}.Release|x86.Build.0 = Release|Any CPU
		{C463C893-B733-47EC-8BBD-754A4A4A2324}.Debug|Any CPU.ActiveCfg = Debug|Any CPU
		{C463C893-B733-47EC-8BBD-754A4A4A2324}.Debug|Any CPU.Build.0 = Debug|Any CPU
		{C463C893-B733-47EC-8BBD-754A4A4A2324}.Debug|x64.ActiveCfg = Debug|Any CPU
		{C463C893-B733-47EC-8BBD-754A4A4A2324}.Debug|x64.Build.0 = Debug|Any CPU
		{C463C893-B733-47EC-8BBD-754A4A4A2324}.Debug|x86.ActiveCfg = Debug|Any CPU
		{C463C893-B733-47EC-8BBD-754A4A4A2324}.Debug|x86.Build.0 = Debug|Any CPU
		{C463C893-B733-47EC-8BBD-754A4A4A2324}.Release|Any CPU.ActiveCfg = Release|Any CPU
		{C463C893-B733-47EC-8BBD-754A4A4A2324}.Release|Any CPU.Build.0 = Release|Any CPU
		{C463C893-B733-47EC-8BBD-754A4A4A2324}.Release|x64.ActiveCfg = Release|Any CPU
		{C463C893-B733-47EC-8BBD-754A4A4A2324}.Release|x64.Build.0 = Release|Any CPU
		{C463C893-B733-47EC-8BBD-754A4A4A2324}.Release|x86.ActiveCfg = Release|Any CPU
		{C463C893-B733-47EC-8BBD-754A4A4A2324}.Release|x86.Build.0 = Release|Any CPU
	EndGlobalSection
EndGlobal
